
Microsoft Visual Studio Solution File, Format Version 12.00
# Visual Studio Version 17
VisualStudioVersion = 17.4.33110.190
MinimumVisualStudioVersion = 10.0.40219.1
Project("{FAE04EC0-301F-11D3-BF4B-00C04F79EFBC}") = "Calculator.AspNetApp", "Calculator.AspNetApp\Calculator.AspNetApp.csproj", "{0532F895-1B2E-4A71-83CA-DBEB5857033C}"
EndProject
Global
	GlobalSection(SolutionConfigurationPlatforms) = preSolution
		Debug|Any CPU = Debug|Any CPU
		Release|Any CPU = Release|Any CPU
	EndGlobalSection
	GlobalSection(ProjectConfigurationPlatforms) = postSolution
		{0532F895-1B2E-4A71-83CA-DBEB5857033C}.Debug|Any CPU.ActiveCfg = Debug|Any CPU
		{0532F895-1B2E-4A71-83CA-DBEB5857033C}.Debug|Any CPU.Build.0 = Debug|Any CPU
		{0532F895-1B2E-4A71-83CA-DBEB5857033C}.Release|Any CPU.ActiveCfg = Release|Any CPU
		{0532F895-1B2E-4A71-83CA-DBEB5857033C}.Release|Any CPU.Build.0 = Release|Any CPU
	EndGlobalSection
	GlobalSection(SolutionProperties) = preSolution
		HideSolutionNode = FALSE
	EndGlobalSection
	GlobalSection(ExtensibilityGlobals) = postSolution
		SolutionGuid = {2543041A-7C07-491C-BDB3-6F48A1437109}
	EndGlobalSection
EndGlobal
